Microsoft Visual Studio Solution File, Format Version 12.00
# Visual Studio Version 17
VisualStudioVersion = 17.5.2.0
MinimumVisualStudioVersion = 10.0.40219.1
Project("{FAE04EC0-301F-11D3-BF4B-00C04F79EFBC}") = "GerenciadorDeVeiculosApi", "GerenciadorDeVeiculosApi.csproj", "{60801152-75FA-E55A-A013-89A12E6FB54C}"
EndProject
Global
	GlobalSection(SolutionConfigurationPlatforms) = preSolution
		Debug|Any CPU = Debug|Any CPU
		Release|Any CPU = Release|Any CPU
	EndGlobalSection
	GlobalSection(ProjectConfigurationPlatforms) = postSolution
		{60801152-75FA-E55A-A013-89A12E6FB54C}.Debug|Any CPU.ActiveCfg = Debug|Any CPU
		{60801152-75FA-E55A-A013-89A12E6FB54C}.Debug|Any CPU.Build.0 = Debug|Any CPU
		{60801152-75FA-E55A-A013-89A12E6FB54C}.Release|Any CPU.ActiveCfg = Release|Any CPU
		{60801152-75FA-E55A-A013-89A12E6FB54C}.Release|Any CPU.Build.0 = Release|Any CPU
	EndGlobalSection
	GlobalSection(SolutionProperties) = preSolution
		HideSolutionNode = FALSE
	EndGlobalSection
	GlobalSection(ExtensibilityGlobals) = postSolution
		SolutionGuid = {A2C17CA9-852E-44C3-BBB4-D69DBD01B96D}
	EndGlobalSection
EndGlobal
