
Microsoft Visual Studio Solution File, Format Version 12.00
# Visual Studio Version 17
VisualStudioVersion = 17.0.31903.59
MinimumVisualStudioVersion = 10.0.40219.1
Project("{FAE04EC0-301F-11D3-BF4B-00C04F79EFBC}") = "GerenciadorDeVeiculosApi", "GerenciadorDeVeiculosApi\GerenciadorDeVeiculosApi.csproj", "{C8A427D4-1BF6-406C-96D6-C689E693797A}"
EndProject
Project("{FAE04EC0-301F-11D3-BF4B-00C04F79EFBC}") = "GerenciadorDeVeiculosApi.Tests", "GerenciadorDeVeiculosApi.Tests\GerenciadorDeVeiculosApi.Tests.csproj", "{C8533666-B92D-4C46-AE36-56AE32C0CB3D}"
EndProject
Global
	GlobalSection(SolutionConfigurationPlatforms) = preSolution
		Debug|Any CPU = Debug|Any CPU
		Debug|x64 = Debug|x64
		Debug|x86 = Debug|x86
		Release|Any CPU = Release|Any CPU
		Release|x64 = Release|x64
		Release|x86 = Release|x86
	EndGlobalSection
	GlobalSection(ProjectConfigurationPlatforms) = postSolution
		{C8A427D4-1BF6-406C-96D6-C689E693797A}.Debug|Any CPU.ActiveCfg = Debug|Any CPU
		{C8A427D4-1BF6-406C-96D6-C689E693797A}.Debug|Any CPU.Build.0 = Debug|Any CPU
		{C8A427D4-1BF6-406C-96D6-C689E693797A}.Debug|x64.ActiveCfg = Debug|Any CPU
		{C8A427D4-1BF6-406C-96D6-C689E693797A}.Debug|x64.Build.0 = Debug|Any CPU
		{C8A427D4-1BF6-406C-96D6-C689E693797A}.Debug|x86.ActiveCfg = Debug|Any CPU
		{C8A427D4-1BF6-406C-96D6-C689E693797A}.Debug|x86.Build.0 = Debug|Any CPU
		{C8A427D4-1BF6-406C-96D6-C689E693797A}.Release|Any CPU.ActiveCfg = Release|Any CPU
		{C8A427D4-1BF6-406C-96D6-C689E693797A}.Release|Any CPU.Build.0 = Release|Any CPU
		{C8A427D4-1BF6-406C-96D6-C689E693797A}.Release|x64.ActiveCfg = Release|Any CPU
		{C8A427D4-1BF6-406C-96D6-C689E693797A}.Release|x64.Build.0 = Release|Any CPU
		{C8A427D4-1BF6-406C-96D6-C689E693797A}.Release|x86.ActiveCfg = Release|Any CPU
		{C8A427D4-1BF6-406C-96D6-C689E693797A}.Release|x86.Build.0 = Release|Any CPU
		{C8533666-B92D-4C46-AE36-56AE32C0CB3D}.Debug|Any CPU.ActiveCfg = Debug|Any CPU
		{C8533666-B92D-4C46-AE36-56AE32C0CB3D}.Debug|Any CPU.Build.0 = Debug|Any CPU
		{C8533666-B92D-4C46-AE36-56AE32C0CB3D}.Debug|x64.ActiveCfg = Debug|Any CPU
		{C8533666-B92D-4C46-AE36-56AE32C0CB3D}.Debug|x64.Build.0 = Debug|Any CPU
		{C8533666-B92D-4C46-AE36-56AE32C0CB3D}.Debug|x86.ActiveCfg = Debug|Any CPU
		{C8533666-B92D-4C46-AE36-56AE32C0CB3D}.Debug|x86.Build.0 = Debug|Any CPU
		{C8533666-B92D-4C46-AE36-56AE32C0CB3D}.Release|Any CPU.ActiveCfg = Release|Any CPU
		{C8533666-B92D-4C46-AE36-56AE32C0CB3D}.Release|Any CPU.Build.0 = Release|Any CPU
		{C8533666-B92D-4C46-AE36-56AE32C0CB3D}.Release|x64.ActiveCfg = Release|Any CPU
		{C8533666-B92D-4C46-AE36-56AE32C0CB3D}.Release|x64.Build.0 = Release|Any CPU
		{C8533666-B92D-4C46-AE36-56AE32C0CB3D}.Release|x86.ActiveCfg = Release|Any CPU
		{C8533666-B92D-4C46-AE36-56AE32C0CB3D}.Release|x86.Build.0 = Release|Any CPU
	EndGlobalSection
	GlobalSection(SolutionProperties) = preSolution
		HideSolutionNode = FALSE
	EndGlobalSection
EndGlobal
